
Microsoft Visual Studio Solution File, Format Version 12.00
# Visual Studio Version 16
VisualStudioVersion = 16.0.30711.63
MinimumVisualStudioVersion = 10.0.40219.1
Project("{FAE04EC0-301F-11D3-BF4B-00C04F79EFBC}") = "4.3", "4.3\4.3.csproj", "{DA400D99-34D6-487C-A56D-729DA18AA81F}"
EndProject
Global
	GlobalSection(SolutionConfigurationPlatforms) = preSolution
		Debug|Any CPU = Debug|Any CPU
		Release|Any CPU = Release|Any CPU
	EndGlobalSection
	GlobalSection(ProjectConfigurationPlatforms) = postSolution
		{DA400D99-34D6-487C-A56D-729DA18AA81F}.Debug|Any CPU.ActiveCfg = Debug|Any CPU
		{DA400D99-34D6-487C-A56D-729DA18AA81F}.Debug|Any CPU.Build.0 = Debug|Any CPU
		{DA400D99-34D6-487C-A56D-729DA18AA81F}.Release|Any CPU.ActiveCfg = Release|Any CPU
		{DA400D99-34D6-487C-A56D-729DA18AA81F}.Release|Any CPU.Build.0 = Release|Any CPU
	EndGlobalSection
	GlobalSection(SolutionProperties) = preSolution
		HideSolutionNode = FALSE
	EndGlobalSection
	GlobalSection(ExtensibilityGlobals) = postSolution
		SolutionGuid = {55130C35-A35E-4169-9290-53FBCA820481}
	EndGlobalSection
EndGlobal
