
Microsoft Visual Studio Solution File, Format Version 12.00
# Visual Studio Version 16
VisualStudioVersion = 16.0.30711.63
MinimumVisualStudioVersion = 10.0.40219.1
Project("{FAE04EC0-301F-11D3-BF4B-00C04F79EFBC}") = "3.1", "3.1\3.1.csproj", "{72A4AE6A-EDD3-4B63-BE66-A5C666936582}"
EndProject
Global
	GlobalSection(SolutionConfigurationPlatforms) = preSolution
		Debug|Any CPU = Debug|Any CPU
		Release|Any CPU = Release|Any CPU
	EndGlobalSection
	GlobalSection(ProjectConfigurationPlatforms) = postSolution
		{72A4AE6A-EDD3-4B63-BE66-A5C666936582}.Debug|Any CPU.ActiveCfg = Debug|Any CPU
		{72A4AE6A-EDD3-4B63-BE66-A5C666936582}.Debug|Any CPU.Build.0 = Debug|Any CPU
		{72A4AE6A-EDD3-4B63-BE66-A5C666936582}.Release|Any CPU.ActiveCfg = Release|Any CPU
		{72A4AE6A-EDD3-4B63-BE66-A5C666936582}.Release|Any CPU.Build.0 = Release|Any CPU
	EndGlobalSection
	GlobalSection(SolutionProperties) = preSolution
		HideSolutionNode = FALSE
	EndGlobalSection
	GlobalSection(ExtensibilityGlobals) = postSolution
		SolutionGuid = {BC1B1A5F-6C22-4A6A-8EED-3B4B8A956E56}
	EndGlobalSection
EndGlobal
